// !$*UTF8*$!
{
	archiveVersion = 1;
	classes = {
	};
	objectVersion = 56;
	objects = {

/* Begin PBXBuildFile section */
		0F8F2A2F29AC67C700A2A7E4 /* AppDelegate.swift in Sources */ = {isa = PBXBuildFile; fileRef = 0F8F2A2E29AC67C700A2A7E4 /* AppDelegate.swift */; };
		0F8F2A3129AC67C700A2A7E4 /* SceneDelegate.swift in Sources */ = {isa = PBXBuildFile; fileRef = 0F8F2A3029AC67C700A2A7E4 /* SceneDelegate.swift */; };
		0F8F2A3329AC67C700A2A7E4 /* ViewController.swift in Sources */ = {isa = PBXBuildFile; fileRef = 0F8F2A3229AC67C700A2A7E4 /* ViewController.swift */; };
		0F8F2A3629AC67C700A2A7E4 /* Main.storyboard in Resources */ = {isa = PBXBuildFile; fileRef = 0F8F2A3429AC67C700A2A7E4 /* Main.storyboard */; };
		0F8F2A3829AC67C800A2A7E4 /* Assets.xcassets in Resources */ = {isa = PBXBuildFile; fileRef = 0F8F2A3729AC67C800A2A7E4 /* Assets.xcassets */; };
		0F8F2A3B29AC67C800A2A7E4 /* LaunchScreen.storyboard in Resources */ = {isa = PBXBuildFile; fileRef = 0F8F2A3929AC67C800A2A7E4 /* LaunchScreen.storyboard */; };
		0F8F2A4629AC67C800A2A7E4 /* CustomCameraProjectTests.swift in Sources */ = {isa = PBXBuildFile; fileRef = 0F8F2A4529AC67C800A2A7E4 /* CustomCameraProjectTests.swift */; };
		0F8F2A5029AC67C800A2A7E4 /* CustomCameraProjectUITests.swift in Sources */ = {isa = PBXBuildFile; fileRef = 0F8F2A4F29AC67C800A2A7E4 /* CustomCameraProjectUITests.swift */; };
		0F8F2A5229AC67C800A2A7E4 /* CustomCameraProjectUITestsLaunchTests.swift in Sources */ = {isa = PBXBuildFile; fileRef = 0F8F2A5129AC67C800A2A7E4 /* CustomCameraProjectUITestsLaunchTests.swift */; };
/* End PBXBuildFile section */

/* Begin PBXContainerItemProxy section */
		0F8F2A4229AC67C800A2A7E4 /* PBXContainerItemProxy */ = {
			isa = PBXContainerItemProxy;
			containerPortal = 0F8F2A2329AC67C700A2A7E4 /* Project object */;
			proxyType = 1;
			remoteGlobalIDString = 0F8F2A2A29AC67C700A2A7E4;
			remoteInfo = CustomCameraProject;
		};
		0F8F2A4C29AC67C800A2A7E4 /* PBXContainerItemProxy */ = {
			isa = PBXContainerItemProxy;
			containerPortal = 0F8F2A2329AC67C700A2A7E4 /* Project object */;
			proxyType = 1;
			remoteGlobalIDString = 0F8F2A2A29AC67C700A2A7E4;
			remoteInfo = CustomCameraProject;
		};
/* End PBXContainerItemProxy section */

/* Begin PBXFileReference section */
		0F8F2A2B29AC67C700A2A7E4 /* CustomCameraProject.app */ = {isa = PBXFileReference; explicitFileType = wrapper.application; includeInIndex = 0; path = CustomCameraProject.app; sourceTree = BUILT_PRODUCTS_DIR; };
		0F8F2A2E29AC67C700A2A7E4 /* AppDelegate.swift */ = {isa = PBXFileReference; lastKnownFileType = sourcecode.swift; path = AppDelegate.swift; sourceTree = "<group>"; };
		0F8F2A3029AC67C700A2A7E4 /* SceneDelegate.swift */ = {isa = PBXFileReference; lastKnownFileType = sourcecode.swift; path = SceneDelegate.swift; sourceTree = "<group>"; };
		0F8F2A3229AC67C700A2A7E4 /* ViewController.swift */ = {isa = PBXFileReference; lastKnownFileType = sourcecode.swift; path = ViewController.swift; sourceTree = "<group>"; };
		0F8F2A3529AC67C700A2A7E4 /* Base */ = {isa = PBXFileReference; lastKnownFileType = file.storyboard; name = Base; path = Base.lproj/Main.storyboard; sourceTree = "<group>"; };
		0F8F2A3729AC67C800A2A7E4 /* Assets.xcassets */ = {isa = PBXFileReference; lastKnownFileType = folder.assetcatalog; path = Assets.xcassets; sourceTree = "<group>"; };
		0F8F2A3A29AC67C800A2A7E4 /* Base */ = {isa = PBXFileReference; lastKnownFileType = file.storyboard; name = Base; path = Base.lproj/LaunchScreen.storyboard; sourceTree = "<group>"; };
		0F8F2A3C29AC67C800A2A7E4 /* Info.plist */ = {isa = PBXFileReference; lastKnownFileType = text.plist.xml; path = Info.plist; sourceTree = "<group>"; };
		0F8F2A4129AC67C800A2A7E4 /* CustomCameraProjectTests.xctest */ = {isa = PBXFileReference; explicitFileType = wrapper.cfbundle; includeInIndex = 0; path = CustomCameraProjectTests.xctest; sourceTree = BUILT_PRODUCTS_DIR; };
		0F8F2A4529AC67C800A2A7E4 /* CustomCameraProjectTests.swift */ = {isa = PBXFileReference; lastKnownFileType = sourcecode.swift; path = CustomCameraProjectTests.swift; sourceTree = "<group>"; };
		0F8F2A4B29AC67C800A2A7E4 /* CustomCameraProjectUITests.xctest */ = {isa = PBXFileReference; explicitFileType = wrapper.cfbundle; includeInIndex = 0; path = CustomCameraProjectUITests.xctest; sourceTree = BUILT_PRODUCTS_DIR; };
		0F8F2A4F29AC67C800A2A7E4 /* CustomCameraProjectUITests.swift */ = {isa = PBXFileReference; lastKnownFileType = sourcecode.swift; path = CustomCameraProjectUITests.swift; sourceTree = "<group>"; };
		0F8F2A5129AC67C800A2A7E4 /* CustomCameraProjectUITestsLaunchTests.swift */ = {isa = PBXFileReference; lastKnownFileType = sourcecode.swift; path = CustomCameraProjectUITestsLaunchTests.swift; sourceTree = "<group>"; };
/* End PBXFileReference section */

/* Begin PBXFrameworksBuildPhase section */
		0F8F2A2829AC67C700A2A7E4 /* Frameworks */ = {
			isa = PBXFrameworksBuildPhase;
			buildActionMask = 2147483647;
			files = (
			);
			runOnlyForDeploymentPostprocessing = 0;
		};
		0F8F2A3E29AC67C800A2A7E4 /* Frameworks */ = {
			isa = PBXFrameworksBuildPhase;
			buildActionMask = 2147483647;
			files = (
			);
			runOnlyForDeploymentPostprocessing = 0;
		};
		0F8F2A4829AC67C800A2A7E4 /* Frameworks */ = {
			isa = PBXFrameworksBuildPhase;
			buildActionMask = 2147483647;
			files = (
			);
			runOnlyForDeploymentPostprocessing = 0;
		};
/* End PBXFrameworksBuildPhase section */

/* Begin PBXGroup section */
		0F8F2A2229AC67C700A2A7E4 = {
			isa = PBXGroup;
			children = (
				0F8F2A2D29AC67C700A2A7E4 /* CustomCameraProject */,
				0F8F2A4429AC67C800A2A7E4 /* CustomCameraProjectTests */,
				0F8F2A4E29AC67C800A2A7E4 /* CustomCameraProjectUITests */,
				0F8F2A2C29AC67C700A2A7E4 /* Products */,
			);
			sourceTree = "<group>";
		};
		0F8F2A2C29AC67C700A2A7E4 /* Products */ = {
			isa = PBXGroup;
			children = (
				0F8F2A2B29AC67C700A2A7E4 /* CustomCameraProject.app */,
				0F8F2A4129AC67C800A2A7E4 /* CustomCameraProjectTests.xctest */,
				0F8F2A4B29AC67C800A2A7E4 /* CustomCameraProjectUITests.xctest */,
			);
			name = Products;
			sourceTree = "<group>";
		};
		0F8F2A2D29AC67C700A2A7E4 /* CustomCameraProject */ = {
			isa = PBXGroup;
			children = (
				0F8F2A2E29AC67C700A2A7E4 /* AppDelegate.swift */,
				0F8F2A3029AC67C700A2A7E4 /* SceneDelegate.swift */,
				0F8F2A3229AC67C700A2A7E4 /* ViewController.swift */,
				0F8F2A3429AC67C700A2A7E4 /* Main.storyboard */,
				0F8F2A3729AC67C800A2A7E4 /* Assets.xcassets */,
				0F8F2A3929AC67C800A2A7E4 /* LaunchScreen.storyboard */,
				0F8F2A3C29AC67C800A2A7E4 /* Info.plist */,
			);
			path = CustomCameraProject;
			sourceTree = "<group>";
		};
		0F8F2A4429AC67C800A2A7E4 /* CustomCameraProjectTests */ = {
			isa = PBXGroup;
			children = (
				0F8F2A4529AC67C800A2A7E4 /* CustomCameraProjectTests.swift */,
			);
			path = CustomCameraProjectTests;
			sourceTree = "<group>";
		};
		0F8F2A4E29AC67C800A2A7E4 /* CustomCameraProjectUITests */ = {
			isa = PBXGroup;
			children = (
				0F8F2A4F29AC67C800A2A7E4 /* CustomCameraProjectUITests.swift */,
				0F8F2A5129AC67C800A2A7E4 /* CustomCameraProjectUITestsLaunchTests.swift */,
			);
			path = CustomCameraProjectUITests;
			sourceTree = "<group>";
		};
/* End PBXGroup section */

/* Begin PBXNativeTarget section */
		0F8F2A2A29AC67C700A2A7E4 /* CustomCameraProject */ = {
			isa = PBXNativeTarget;
			buildConfigurationList = 0F8F2A5529AC67C800A2A7E4 /* Build configuration list for PBXNativeTarget "CustomCameraProject" */;
			buildPhases = (
				0F8F2A2729AC67C700A2A7E4 /* Sources */,
				0F8F2A2829AC67C700A2A7E4 /* Frameworks */,
				0F8F2A2929AC67C700A2A7E4 /* Resources */,
			);
			buildRules = (
			);
			dependencies = (
			);
			name = CustomCameraProject;
			productName = CustomCameraProject;
			productReference = 0F8F2A2B29AC67C700A2A7E4 /* CustomCameraProject.app */;
			productType = "com.apple.product-type.application";
		};
		0F8F2A4029AC67C800A2A7E4 /* CustomCameraProjectTests */ = {
			isa = PBXNativeTarget;
			buildConfigurationList = 0F8F2A5829AC67C800A2A7E4 /* Build configuration list for PBXNativeTarget "CustomCameraProjectTests" */;
			buildPhases = (
				0F8F2A3D29AC67C800A2A7E4 /* Sources */,
				0F8F2A3E29AC67C800A2A7E4 /* Frameworks */,
				0F8F2A3F29AC67C800A2A7E4 /* Resources */,
			);
			buildRules = (
			);
			dependencies = (
				0F8F2A4329AC67C800A2A7E4 /* PBXTargetDependency */,
			);
			name = CustomCameraProjectTests;
			productName = CustomCameraProjectTests;
			productReference = 0F8F2A4129AC67C800A2A7E4 /* CustomCameraProjectTests.xctest */;
			productType = "com.apple.product-type.bundle.unit-test";
		};
		0F8F2A4A29AC67C800A2A7E4 /* CustomCameraProjectUITests */ = {
			isa = PBXNativeTarget;
			buildConfigurationList = 0F8F2A5B29AC67C800A2A7E4 /* Build configuration list for PBXNativeTarget "CustomCameraProjectUITests" */;
			buildPhases = (
				0F8F2A4729AC67C800A2A7E4 /* Sources */,
				0F8F2A4829AC67C800A2A7E4 /* Frameworks */,
				0F8F2A4929AC67C800A2A7E4 /* Resources */,
			);
			buildRules = (
			);
			dependencies = (
				0F8F2A4D29AC67C800A2A7E4 /* PBXTargetDependency */,
			);
			name = CustomCameraProjectUITests;
			productName = CustomCameraProjectUITests;
			productReference = 0F8F2A4B29AC67C800A2A7E4 /* CustomCameraProjectUITests.xctest */;
			productType = "com.apple.product-type.bundle.ui-testing";
		};
/* End PBXNativeTarget section */

/* Begin PBXProject section */
		0F8F2A2329AC67C700A2A7E4 /* Project object */ = {
			isa = PBXProject;
			attributes = {
				BuildIndependentTargetsInParallel = 1;
				LastSwiftUpdateCheck = 1420;
				LastUpgradeCheck = 1420;
				TargetAttributes = {
					0F8F2A2A29AC67C700A2A7E4 = {
						CreatedOnToolsVersion = 14.2;
					};
					0F8F2A4029AC67C800A2A7E4 = {
						CreatedOnToolsVersion = 14.2;
						TestTargetID = 0F8F2A2A29AC67C700A2A7E4;
					};
					0F8F2A4A29AC67C800A2A7E4 = {
						CreatedOnToolsVersion = 14.2;
						TestTargetID = 0F8F2A2A29AC67C700A2A7E4;
					};
				};
			};
			buildConfigurationList = 0F8F2A2629AC67C700A2A7E4 /* Build configuration list for PBXProject "CustomCameraProject" */;
			compatibilityVersion = "Xcode 14.0";
			developmentRegion = en;
			hasScannedForEncodings = 0;
			knownRegions = (
				en,
				Base,
			);
			mainGroup = 0F8F2A2229AC67C700A2A7E4;
			productRefGroup = 0F8F2A2C29AC67C700A2A7E4 /* Products */;
			projectDirPath = "";
			projectRoot = "";
			targets = (
				0F8F2A2A29AC67C700A2A7E4 /* CustomCameraProject */,
				0F8F2A4029AC67C800A2A7E4 /* CustomCameraProjectTests */,
				0F8F2A4A29AC67C800A2A7E4 /* CustomCameraProjectUITests */,
			);
		};
/* End PBXProject section */

/* Begin PBXResourcesBuildPhase section */
		0F8F2A2929AC67C700A2A7E4 /* Resources */ = {
			isa = PBXResourcesBuildPhase;
			buildActionMask = 2147483647;
			files = (
				0F8F2A3B29AC67C800A2A7E4 /* LaunchScreen.storyboard in Resources */,
				0F8F2A3829AC67C800A2A7E4 /* Assets.xcassets in Resources */,
				0F8F2A3629AC67C700A2A7E4 /* Main.storyboard in Resources */,
			);
			runOnlyForDeploymentPostprocessing = 0;
		};
		0F8F2A3F29AC67C800A2A7E4 /* Resources */ = {
			isa = PBXResourcesBuildPhase;
			buildActionMask = 2147483647;
			files = (
			);
			runOnlyForDeploymentPostprocessing = 0;
		};
		0F8F2A4929AC67C800A2A7E4 /* Resources */ = {
			isa = PBXResourcesBuildPhase;
			buildActionMask = 2147483647;
			files = (
			);
			runOnlyForDeploymentPostprocessing = 0;
		};
/* End PBXResourcesBuildPhase section */

/* Begin PBXSourcesBuildPhase section */
		0F8F2A2729AC67C700A2A7E4 /* Sources */ = {
			isa = PBXSourcesBuildPhase;
			buildActionMask = 2147483647;
			files = (
				0F8F2A3329AC67C700A2A7E4 /* ViewController.swift in Sources */,
				0F8F2A2F29AC67C700A2A7E4 /* AppDelegate.swift in Sources */,
				0F8F2A3129AC67C700A2A7E4 /* SceneDelegate.swift in Sources */,
			);
			runOnlyForDeploymentPostprocessing = 0;
		};
		0F8F2A3D29AC67C800A2A7E4 /* Sources */ = {
			isa = PBXSourcesBuildPhase;
			buildActionMask = 2147483647;
			files = (
				0F8F2A4629AC67C800A2A7E4 /* CustomCameraProjectTests.swift in Sources */,
			);
			runOnlyForDeploymentPostprocessing = 0;
		};
		0F8F2A4729AC67C800A2A7E4 /* Sources */ = {
			isa = PBXSourcesBuildPhase;
			buildActionMask = 2147483647;
			files = (
				0F8F2A5229AC67C800A2A7E4 /* CustomCameraProjectUITestsLaunchTests.swift in Sources */,
				0F8F2A5029AC67C800A2A7E4 /* CustomCameraProjectUITests.swift in Sources */,
			);
			runOnlyForDeploymentPostprocessing = 0;
		};
/* End PBXSourcesBuildPhase section */

/* Begin PBXTargetDependency section */
		0F8F2A4329AC67C800A2A7E4 /* PBXTargetDependency */ = {
			isa = PBXTargetDependency;
			target = 0F8F2A2A29AC67C700A2A7E4 /* CustomCameraProject */;
			targetProxy = 0F8F2A4229AC67C800A2A7E4 /* PBXContainerItemProxy */;
		};
		0F8F2A4D29AC67C800A2A7E4 /* PBXTargetDependency */ = {
			isa = PBXTargetDependency;
			target = 0F8F2A2A29AC67C700A2A7E4 /* CustomCameraProject */;
			targetProxy = 0F8F2A4C29AC67C800A2A7E4 /* PBXContainerItemProxy */;
		};
/* End PBXTargetDependency section */

/* Begin PBXVariantGroup section */
		0F8F2A3429AC67C700A2A7E4 /* Main.storyboard */ = {
			isa = PBXVariantGroup;
			children = (
				0F8F2A3529AC67C700A2A7E4 /* Base */,
			);
			name = Main.storyboard;
			sourceTree = "<group>";
		};
		0F8F2A3929AC67C800A2A7E4 /* LaunchScreen.storyboard */ = {
			isa = PBXVariantGroup;
			children = (
				0F8F2A3A29AC67C800A2A7E4 /* Base */,
			);
			name = LaunchScreen.storyboard;
			sourceTree = "<group>";
		};
/* End PBXVariantGroup section */

/* Begin XCBuildConfiguration section */
		0F8F2A5329AC67C800A2A7E4 /* Debug */ = {
			isa = XCBuildConfiguration;
			buildSettings = {
				ALWAYS_SEARCH_USER_PATHS = NO;
				CLANG_ANALYZER_NONNULL = YES;
				CLANG_ANALYZER_NUMBER_OBJECT_CONVERSION = YES_AGGRESSIVE;
				CLANG_CXX_LANGUAGE_STANDARD = "gnu++20";
				CLANG_ENABLE_MODULES = YES;
				CLANG_ENABLE_OBJC_ARC = YES;
				CLANG_ENABLE_OBJC_WEAK = YES;
				CLANG_WARN_BLOCK_CAPTURE_AUTORELEASING = YES;
				CLANG_WARN_BOOL_CONVERSION = YES;
				CLANG_WARN_COMMA = YES;
				CLANG_WARN_CONSTANT_CONVERSION = YES;
				CLANG_WARN_DEPRECATED_OBJC_IMPLEMENTATIONS = YES;
				CLANG_WARN_DIRECT_OBJC_ISA_USAGE = YES_ERROR;
				CLANG_WARN_DOCUMENTATION_COMMENTS = YES;
				CLANG_WARN_EMPTY_BODY = YES;
				CLANG_WARN_ENUM_CONVERSION = YES;
				CLANG_WARN_INFINITE_RECURSION = YES;
				CLANG_WARN_INT_CONVERSION = YES;
				CLANG_WARN_NON_LITERAL_NULL_CONVERSION = YES;
				CLANG_WARN_OBJC_IMPLICIT_RETAIN_SELF = YES;
				CLANG_WARN_OBJC_LITERAL_CONVERSION = YES;
				CLANG_WARN_OBJC_ROOT_CLASS = YES_ERROR;
				CLANG_WARN_QUOTED_INCLUDE_IN_FRAMEWORK_HEADER = YES;
				CLANG_WARN_RANGE_LOOP_ANALYSIS = YES;
				CLANG_WARN_STRICT_PROTOTYPES = YES;
				CLANG_WARN_SUSPICIOUS_MOVE = YES;
				CLANG_WARN_UNGUARDED_AVAILABILITY = YES_AGGRESSIVE;
				CLANG_WARN_UNREACHABLE_CODE = YES;
				CLANG_WARN__DUPLICATE_METHOD_MATCH = YES;
				COPY_PHASE_STRIP = NO;
				DEBUG_INFORMATION_FORMAT = dwarf;
				ENABLE_STRICT_OBJC_MSGSEND = YES;
				ENABLE_TESTABILITY = YES;
				GCC_C_LANGUAGE_STANDARD = gnu11;
				GCC_DYNAMIC_NO_PIC = NO;
				GCC_NO_COMMON_BLOCKS = YES;
				GCC_OPTIMIZATION_LEVEL = 0;
				GCC_PREPROCESSOR_DEFINITIONS = (
					"DEBUG=1",
					"$(inherited)",
				);
				GCC_WARN_64_TO_32_BIT_CONVERSION = YES;
				GCC_WARN_ABOUT_RETURN_TYPE = YES_ERROR;
				GCC_WARN_UNDECLARED_SELECTOR = YES;
				GCC_WARN_UNINITIALIZED_AUTOS = YES_AGGRESSIVE;
				GCC_WARN_UNUSED_FUNCTION = YES;
				GCC_WARN_UNUSED_VARIABLE = YES;
				IPHONEOS_DEPLOYMENT_TARGET = 16.2;
				MTL_ENABLE_DEBUG_INFO = INCLUDE_SOURCE;
				MTL_FAST_MATH = YES;
				ONLY_ACTIVE_ARCH = YES;
				SDKROOT = iphoneos;
				SWIFT_ACTIVE_COMPILATION_CONDITIONS = DEBUG;
				SWIFT_OPTIMIZATION_LEVEL = "-Onone";
			};
			name = Debug;
		};
		0F8F2A5429AC67C800A2A7E4 /* Release */ = {
			isa = XCBuildConfiguration;
			buildSettings = {
				ALWAYS_SEARCH_USER_PATHS = NO;
				CLANG_ANALYZER_NONNULL = YES;
				CLANG_ANALYZER_NUMBER_OBJECT_CONVERSION = YES_AGGRESSIVE;
				CLANG_CXX_LANGUAGE_STANDARD = "gnu++20";
				CLANG_ENABLE_MODULES = YES;
				CLANG_ENABLE_OBJC_ARC = YES;
				CLANG_ENABLE_OBJC_WEAK = YES;
				CLANG_WARN_BLOCK_CAPTURE_AUTORELEASING = YES;
				CLANG_WARN_BOOL_CONVERSION = YES;
				CLANG_WARN_COMMA = YES;
				CLANG_WARN_CONSTANT_CONVERSION = YES;
				CLANG_WARN_DEPRECATED_OBJC_IMPLEMENTATIONS = YES;
				CLANG_WARN_DIRECT_OBJC_ISA_USAGE = YES_ERROR;
				CLANG_WARN_DOCUMENTATION_COMMENTS = YES;
				CLANG_WARN_EMPTY_BODY = YES;
				CLANG_WARN_ENUM_CONVERSION = YES;
				CLANG_WARN_INFINITE_RECURSION = YES;
				CLANG_WARN_INT_CONVERSION = YES;
				CLANG_WARN_NON_LITERAL_NULL_CONVERSION = YES;
				CLANG_WARN_OBJC_IMPLICIT_RETAIN_SELF = YES;
				CLANG_WARN_OBJC_LITERAL_CONVERSION = YES;
				CLANG_WARN_OBJC_ROOT_CLASS = YES_ERROR;
				CLANG_WARN_QUOTED_INCLUDE_IN_FRAMEWORK_HEADER = YES;
				CLANG_WARN_RANGE_LOOP_ANALYSIS = YES;
				CLANG_WARN_STRICT_PROTOTYPES = YES;
				CLANG_WARN_SUSPICIOUS_MOVE = YES;
				CLANG_WARN_UNGUARDED_AVAILABILITY = YES_AGGRESSIVE;
				CLANG_WARN_UNREACHABLE_CODE = YES;
				CLANG_WARN__DUPLICATE_METHOD_MATCH = YES;
				COPY_PHASE_STRIP = NO;
				DEBUG_INFORMATION_FORMAT = "dwarf-with-dsym";
				ENABLE_NS_ASSERTIONS = NO;
				ENABLE_STRICT_OBJC_MSGSEND = YES;
				GCC_C_LANGUAGE_STANDARD = gnu11;
				GCC_NO_COMMON_BLOCKS = YES;
				GCC_WARN_64_TO_32_BIT_CONVERSION = YES;
				GCC_WARN_ABOUT_RETURN_TYPE = YES_ERROR;
				GCC_WARN_UNDECLARED_SELECTOR = YES;
				GCC_WARN_UNINITIALIZED_AUTOS = YES_AGGRESSIVE;
				GCC_WARN_UNUSED_FUNCTION = YES;
				GCC_WARN_UNUSED_VARIABLE = YES;
				IPHONEOS_DEPLOYMENT_TARGET = 16.2;
				MTL_ENABLE_DEBUG_INFO = NO;
				MTL_FAST_MATH = YES;
				SDKROOT = iphoneos;
				SWIFT_COMPILATION_MODE = wholemodule;
				SWIFT_OPTIMIZATION_LEVEL = "-O";
				VALIDATE_PRODUCT = YES;
			};
			name = Release;
		};
		0F8F2A5629AC67C800A2A7E4 /* Debug */ = {
			isa = XCBuildConfiguration;
			buildSettings = {
				ASSETCATALOG_COMPILER_APPICON_NAME = AppIcon;
				ASSETCATALOG_COMPILER_GLOBAL_ACCENT_COLOR_NAME = AccentColor;
				CODE_SIGN_STYLE = Automatic;
				CURRENT_PROJECT_VERSION = 1;
				DEVELOPMENT_TEAM = WKG55UP4ST;
				GENERATE_INFOPLIST_FILE = YES;
				INFOPLIST_FILE = CustomCameraProject/Info.plist;
				INFOPLIST_KEY_UIApplicationSupportsIndirectInputEvents = YES;
				INFOPLIST_KEY_UILaunchStoryboardName = LaunchScreen;
				INFOPLIST_KEY_UIMainStoryboardFile = Main;
				INFOPLIST_KEY_UISupportedInterfaceOrientations_iPad = "UIInterfaceOrientationPortrait UIInterfaceOrientationPortraitUpsideDown UIInterfaceOrientationLandscapeLeft UIInterfaceOrientationLandscapeRight";
				INFOPLIST_KEY_UISupportedInterfaceOrientations_iPhone = "UIInterfaceOrientationPortrait UIInterfaceOrientationLandscapeLeft UIInterfaceOrientationLandscapeRight";
				LD_RUNPATH_SEARCH_PATHS = (
					"$(inherited)",
					"@executable_path/Frameworks",
				);
				MARKETING_VERSION = 1.0;
				PRODUCT_BUNDLE_IDENTIFIER = com.elinha.CustomCameraProject;
				PRODUCT_NAME = "$(TARGET_NAME)";
				SWIFT_EMIT_LOC_STRINGS = YES;
				SWIFT_VERSION = 5.0;
				TARGETED_DEVICE_FAMILY = "1,2";
			};
			name = Debug;
		};
		0F8F2A5729AC67C800A2A7E4 /* Release */ = {
			isa = XCBuildConfiguration;
			buildSettings = {
				ASSETCATALOG_COMPILER_APPICON_NAME = AppIcon;
				ASSETCATALOG_COMPILER_GLOBAL_ACCENT_COLOR_NAME = AccentColor;
				CODE_SIGN_STYLE = Automatic;
				CURRENT_PROJECT_VERSION = 1;
				DEVELOPMENT_TEAM = WKG55UP4ST;
				GENERATE_INFOPLIST_FILE = YES;
				INFOPLIST_FILE = CustomCameraProject/Info.plist;
				INFOPLIST_KEY_UIApplicationSupportsIndirectInputEvents = YES;
				INFOPLIST_KEY_UILaunchStoryboardName = LaunchScreen;
				INFOPLIST_KEY_UIMainStoryboardFile = Main;
				INFOPLIST_KEY_UISupportedInterfaceOrientations_iPad = "UIInterfaceOrientationPortrait UIInterfaceOrientationPortraitUpsideDown UIInterfaceOrientationLandscapeLeft UIInterfaceOrientationLandscapeRight";
				INFOPLIST_KEY_UISupportedInterfaceOrientations_iPhone = "UIInterfaceOrientationPortrait UIInterfaceOrientationLandscapeLeft UIInterfaceOrientationLandscapeRight";
				LD_RUNPATH_SEARCH_PATHS = (
					"$(inherited)",
					"@executable_path/Frameworks",
				);
				MARKETING_VERSION = 1.0;
				PRODUCT_BUNDLE_IDENTIFIER = com.elinha.CustomCameraProject;
				PRODUCT_NAME = "$(TARGET_NAME)";
				SWIFT_EMIT_LOC_STRINGS = YES;
				SWIFT_VERSION = 5.0;
				TARGETED_DEVICE_FAMILY = "1,2";
			};
			name = Release;
		};
		0F8F2A5929AC67C800A2A7E4 /* Debug */ = {
			isa = XCBuildConfiguration;
			buildSettings = {
				ALWAYS_EMBED_SWIFT_STANDARD_LIBRARIES = YES;
				BUNDLE_LOADER = "$(TEST_HOST)";
				CODE_SIGN_STYLE = Automatic;
				CURRENT_PROJECT_VERSION = 1;
				DEVELOPMENT_TEAM = WKG55UP4ST;
				GENERATE_INFOPLIST_FILE = YES;
				IPHONEOS_DEPLOYMENT_TARGET = 16.2;
				MARKETING_VERSION = 1.0;
				PRODUCT_BUNDLE_IDENTIFIER = com.elinha.CustomCameraProjectTests;
				PRODUCT_NAME = "$(TARGET_NAME)";
				SWIFT_EMIT_LOC_STRINGS = NO;
				SWIFT_VERSION = 5.0;
				TARGETED_DEVICE_FAMILY = "1,2";
				TEST_HOST = "$(BUILT_PRODUCTS_DIR)/CustomCameraProject.app/$(BUNDLE_EXECUTABLE_FOLDER_PATH)/CustomCameraProject";
			};
			name = Debug;
		};
		0F8F2A5A29AC67C800A2A7E4 /* Release */ = {
			isa = XCBuildConfiguration;
			buildSettings = {
				ALWAYS_EMBED_SWIFT_STANDARD_LIBRARIES = YES;
				BUNDLE_LOADER = "$(TEST_HOST)";
				CODE_SIGN_STYLE = Automatic;
				CURRENT_PROJECT_VERSION = 1;
				DEVELOPMENT_TEAM = WKG55UP4ST;
				GENERATE_INFOPLIST_FILE = YES;
				IPHONEOS_DEPLOYMENT_TARGET = 16.2;
				MARKETING_VERSION = 1.0;
				PRODUCT_BUNDLE_IDENTIFIER = com.elinha.CustomCameraProjectTests;
				PRODUCT_NAME = "$(TARGET_NAME)";
				SWIFT_EMIT_LOC_STRINGS = NO;
				SWIFT_VERSION = 5.0;
				TARGETED_DEVICE_FAMILY = "1,2";
				TEST_HOST = "$(BUILT_PRODUCTS_DIR)/CustomCameraProject.app/$(BUNDLE_EXECUTABLE_FOLDER_PATH)/CustomCameraProject";
			};
			name = Release;
		};
		0F8F2A5C29AC67C800A2A7E4 /* Debug */ = {
			isa = XCBuildConfiguration;
			buildSettings = {
				ALWAYS_EMBED_SWIFT_STANDARD_LIBRARIES = YES;
				CODE_SIGN_STYLE = Automatic;
				CURRENT_PROJECT_VERSION = 1;
				DEVELOPMENT_TEAM = WKG55UP4ST;
				GENERATE_INFOPLIST_FILE = YES;
				MARKETING_VERSION = 1.0;
				PRODUCT_BUNDLE_IDENTIFIER = com.elinha.CustomCameraProjectUITests;
				PRODUCT_NAME = "$(TARGET_NAME)";
				SWIFT_EMIT_LOC_STRINGS = NO;
				SWIFT_VERSION = 5.0;
				TARGETED_DEVICE_FAMILY = "1,2";
				TEST_TARGET_NAME = CustomCameraProject;
			};
			name = Debug;
		};
		0F8F2A5D29AC67C800A2A7E4 /* Release */ = {
			isa = XCBuildConfiguration;
			buildSettings = {
				ALWAYS_EMBED_SWIFT_STANDARD_LIBRARIES = YES;
				CODE_SIGN_STYLE = Automatic;
				CURRENT_PROJECT_VERSION = 1;
				DEVELOPMENT_TEAM = WKG55UP4ST;
				GENERATE_INFOPLIST_FILE = YES;
				MARKETING_VERSION = 1.0;
				PRODUCT_BUNDLE_IDENTIFIER = com.elinha.CustomCameraProjectUITests;
				PRODUCT_NAME = "$(TARGET_NAME)";
				SWIFT_EMIT_LOC_STRINGS = NO;
				SWIFT_VERSION = 5.0;
				TARGETED_DEVICE_FAMILY = "1,2";
				TEST_TARGET_NAME = CustomCameraProject;
			};
			name = Release;
		};
/* End XCBuildConfiguration section */

/* Begin XCConfigurationList section */
		0F8F2A2629AC67C700A2A7E4 /* Build configuration list for PBXProject "CustomCameraProject" */ = {
			isa = XCConfigurationList;
			buildConfigurations = (
				0F8F2A5329AC67C800A2A7E4 /* Debug */,
				0F8F2A5429AC67C800A2A7E4 /* Release */,
			);
			defaultConfigurationIsVisible = 0;
			defaultConfigurationName = Release;
		};
		0F8F2A5529AC67C800A2A7E4 /* Build configuration list for PBXNativeTarget "CustomCameraProject" */ = {
			isa = XCConfigurationList;
			buildConfigurations = (
				0F8F2A5629AC67C800A2A7E4 /* Debug */,
				0F8F2A5729AC67C800A2A7E4 /* Release */,
			);
			defaultConfigurationIsVisible = 0;
			defaultConfigurationName = Release;
		};
		0F8F2A5829AC67C800A2A7E4 /* Build configuration list for PBXNativeTarget "CustomCameraProjectTests" */ = {
			isa = XCConfigurationList;
			buildConfigurations = (
				0F8F2A5929AC67C800A2A7E4 /* Debug */,
				0F8F2A5A29AC67C800A2A7E4 /* Release */,
			);
			defaultConfigurationIsVisible = 0;
			defaultConfigurationName = Release;
		};
		0F8F2A5B29AC67C800A2A7E4 /* Build configuration list for PBXNativeTarget "CustomCameraProjectUITests" */ = {
			isa = XCConfigurationList;
			buildConfigurations = (
				0F8F2A5C29AC67C800A2A7E4 /* Debug */,
				0F8F2A5D29AC67C800A2A7E4 /* Release */,
			);
			defaultConfigurationIsVisible = 0;
			defaultConfigurationName = Release;
		};
/* End XCConfigurationList section */
	};
	rootObject = 0F8F2A2329AC67C700A2A7E4 /* Project object */;
}
